// !$*UTF8*$!
{
	archiveVersion = 1;
	classes = {
	};
	objectVersion = 46;
	objects = {

/* Begin PBXBuildFile section */
		EE6D1A2F1EDAE20000080E25 /* libcs106.a in Frameworks */ = {isa = PBXBuildFile; fileRef = EE6D1A241EDAE20000080E25 /* libcs106.a */; };
		EE6D1A3A1EDAE24300080E25 /* example.txt in Resources */ = {isa = PBXBuildFile; fileRef = EE6D1A311EDAE24300080E25 /* example.txt */; };
		EE6D1A3B1EDAE24300080E25 /* maze.cpp in Sources */ = {isa = PBXBuildFile; fileRef = EE6D1A321EDAE24300080E25 /* maze.cpp */; };
		EE6D1A3C1EDAE24300080E25 /* MazeSolver.cpp in Sources */ = {isa = PBXBuildFile; fileRef = EE6D1A341EDAE24300080E25 /* MazeSolver.cpp */; };
		EE6D1A3D1EDAE24300080E25 /* Menu.cpp in Sources */ = {isa = PBXBuildFile; fileRef = EE6D1A361EDAE24300080E25 /* Menu.cpp */; };
		EE6D1A3E1EDAE24300080E25 /* RandomWriter.cpp in Sources */ = {isa = PBXBuildFile; fileRef = EE6D1A371EDAE24300080E25 /* RandomWriter.cpp */; };
		EED213A41E683CB400CAE44D /* Carbon.framework in Frameworks */ = {isa = PBXBuildFile; fileRef = EED213A31E683CB400CAE44D /* Carbon.framework */; };
		EED213A61E683CBD00CAE44D /* QuickTime.framework in Frameworks */ = {isa = PBXBuildFile; fileRef = EED213A51E683CBD00CAE44D /* QuickTime.framework */; };
		EEF63DCE1E66338F00914775 /* Cocoa.framework in Frameworks */ = {isa = PBXBuildFile; fileRef = EEF63DCD1E66338F00914775 /* Cocoa.framework */; };
		EEF63DD01E66339C00914775 /* libstdc++.6.tbd in Frameworks */ = {isa = PBXBuildFile; fileRef = EEF63DCF1E66339C00914775 /* libstdc++.6.tbd */; };
/* End PBXBuildFile section */

/* Begin PBXFileReference section */
		EE6D1A1C1EDAE20000080E25 /* bst.h */ = {isa = PBXFileReference; fileEncoding = 4; lastKnownFileType = sourcecode.c.h; path = bst.h; sourceTree = "<group>"; };
		EE6D1A1D1EDAE20000080E25 /* cmpfn.h */ = {isa = PBXFileReference; fileEncoding = 4; lastKnownFileType = sourcecode.c.h; path = cmpfn.h; sourceTree = "<group>"; };
		EE6D1A1E1EDAE20000080E25 /* console.h */ = {isa = PBXFileReference; fileEncoding = 4; lastKnownFileType = sourcecode.c.h; path = console.h; sourceTree = "<group>"; };
		EE6D1A1F1EDAE20000080E25 /* disallowcopy.h */ = {isa = PBXFileReference; fileEncoding = 4; lastKnownFileType = sourcecode.c.h; path = disallowcopy.h; sourceTree = "<group>"; };
		EE6D1A201EDAE20000080E25 /* extgraph.h */ = {isa = PBXFileReference; fileEncoding = 4; lastKnownFileType = sourcecode.c.h; path = extgraph.h; sourceTree = "<group>"; };
		EE6D1A211EDAE20000080E25 /* genlib.h */ = {isa = PBXFileReference; fileEncoding = 4; lastKnownFileType = sourcecode.c.h; path = genlib.h; sourceTree = "<group>"; };
		EE6D1A221EDAE20000080E25 /* graphics.h */ = {isa = PBXFileReference; fileEncoding = 4; lastKnownFileType = sourcecode.c.h; path = graphics.h; sourceTree = "<group>"; };
		EE6D1A231EDAE20000080E25 /* grid.h */ = {isa = PBXFileReference; fileEncoding = 4; lastKnownFileType = sourcecode.c.h; path = grid.h; sourceTree = "<group>"; };
		EE6D1A241EDAE20000080E25 /* libcs106.a */ = {isa = PBXFileReference; lastKnownFileType = archive.ar; path = libcs106.a; sourceTree = "<group>"; };
		EE6D1A251EDAE20000080E25 /* map.h */ = {isa = PBXFileReference; fileEncoding = 4; lastKnownFileType = sourcecode.c.h; path = map.h; sourceTree = "<group>"; };
		EE6D1A261EDAE20000080E25 /* queue.h */ = {isa = PBXFileReference; fileEncoding = 4; lastKnownFileType = sourcecode.c.h; path = queue.h; sourceTree = "<group>"; };
		EE6D1A271EDAE20000080E25 /* random.h */ = {isa = PBXFileReference; fileEncoding = 4; lastKnownFileType = sourcecode.c.h; path = random.h; sourceTree = "<group>"; };
		EE6D1A281EDAE20000080E25 /* scanner.h */ = {isa = PBXFileReference; fileEncoding = 4; lastKnownFileType = sourcecode.c.h; path = scanner.h; sourceTree = "<group>"; };
		EE6D1A291EDAE20000080E25 /* set.h */ = {isa = PBXFileReference; fileEncoding = 4; lastKnownFileType = sourcecode.c.h; path = set.h; sourceTree = "<group>"; };
		EE6D1A2A1EDAE20000080E25 /* simpio.h */ = {isa = PBXFileReference; fileEncoding = 4; lastKnownFileType = sourcecode.c.h; path = simpio.h; sourceTree = "<group>"; };
		EE6D1A2B1EDAE20000080E25 /* sound.h */ = {isa = PBXFileReference; fileEncoding = 4; lastKnownFileType = sourcecode.c.h; path = sound.h; sourceTree = "<group>"; };
		EE6D1A2C1EDAE20000080E25 /* stack.h */ = {isa = PBXFileReference; fileEncoding = 4; lastKnownFileType = sourcecode.c.h; path = stack.h; sourceTree = "<group>"; };
		EE6D1A2D1EDAE20000080E25 /* strutils.h */ = {isa = PBXFileReference; fileEncoding = 4; lastKnownFileType = sourcecode.c.h; path = strutils.h; sourceTree = "<group>"; };
		EE6D1A2E1EDAE20000080E25 /* vector.h */ = {isa = PBXFileReference; fileEncoding = 4; lastKnownFileType = sourcecode.c.h; path = vector.h; sourceTree = "<group>"; };
		EE6D1A311EDAE24300080E25 /* example.txt */ = {isa = PBXFileReference; fileEncoding = 4; lastKnownFileType = text; path = example.txt; sourceTree = "<group>"; };
		EE6D1A321EDAE24300080E25 /* maze.cpp */ = {isa = PBXFileReference; fileEncoding = 4; lastKnownFileType = sourcecode.cpp.cpp; path = maze.cpp; sourceTree = "<group>"; };
		EE6D1A331EDAE24300080E25 /* maze.h */ = {isa = PBXFileReference; fileEncoding = 4; lastKnownFileType = sourcecode.c.h; path = maze.h; sourceTree = "<group>"; };
		EE6D1A341EDAE24300080E25 /* MazeSolver.cpp */ = {isa = PBXFileReference; fileEncoding = 4; lastKnownFileType = sourcecode.cpp.cpp; path = MazeSolver.cpp; sourceTree = "<group>"; };
		EE6D1A351EDAE24300080E25 /* MazeSolver.h */ = {isa = PBXFileReference; fileEncoding = 4; lastKnownFileType = sourcecode.c.h; path = MazeSolver.h; sourceTree = "<group>"; };
		EE6D1A361EDAE24300080E25 /* Menu.cpp */ = {isa = PBXFileReference; fileEncoding = 4; lastKnownFileType = sourcecode.cpp.cpp; path = Menu.cpp; sourceTree = "<group>"; };
		EE6D1A371EDAE24300080E25 /* RandomWriter.cpp */ = {isa = PBXFileReference; fileEncoding = 4; lastKnownFileType = sourcecode.cpp.cpp; path = RandomWriter.cpp; sourceTree = "<group>"; };
		EE6D1A381EDAE24300080E25 /* RandomWriter.h */ = {isa = PBXFileReference; fileEncoding = 4; lastKnownFileType = sourcecode.c.h; path = RandomWriter.h; sourceTree = "<group>"; };
		EED213A31E683CB400CAE44D /* Carbon.framework */ = {isa = PBXFileReference; lastKnownFileType = wrapper.framework; name = Carbon.framework; path = System/Library/Frameworks/Carbon.framework; sourceTree = SDKROOT; };
		EED213A51E683CBD00CAE44D /* QuickTime.framework */ = {isa = PBXFileReference; lastKnownFileType = wrapper.framework; name = QuickTime.framework; path = System/Library/Frameworks/QuickTime.framework; sourceTree = SDKROOT; };
		EEF63D9E1E6632D100914775 /* Assignment2.app */ = {isa = PBXFileReference; explicitFileType = wrapper.application; includeInIndex = 0; path = Assignment2.app; sourceTree = BUILT_PRODUCTS_DIR; };
		EEF63DAC1E6632D200914775 /* Info.plist */ = {isa = PBXFileReference; lastKnownFileType = text.plist.xml; path = Info.plist; sourceTree = "<group>"; };
		EEF63DCD1E66338F00914775 /* Cocoa.framework */ = {isa = PBXFileReference; lastKnownFileType = wrapper.framework; name = Cocoa.framework; path = System/Library/Frameworks/Cocoa.framework; sourceTree = SDKROOT; };
		EEF63DCF1E66339C00914775 /* libstdc++.6.tbd */ = {isa = PBXFileReference; lastKnownFileType = "sourcecode.text-based-dylib-definition"; name = "libstdc++.6.tbd"; path = "usr/lib/libstdc++.6.tbd"; sourceTree = SDKROOT; };
/* End PBXFileReference section */

/* Begin PBXFrameworksBuildPhase section */
		EEF63D9B1E6632D100914775 /* Frameworks */ = {
			isa = PBXFrameworksBuildPhase;
			buildActionMask = 2147483647;
			files = (
				EED213A61E683CBD00CAE44D /* QuickTime.framework in Frameworks */,
				EE6D1A2F1EDAE20000080E25 /* libcs106.a in Frameworks */,
				EED213A41E683CB400CAE44D /* Carbon.framework in Frameworks */,
				EEF63DD01E66339C00914775 /* libstdc++.6.tbd in Frameworks */,
				EEF63DCE1E66338F00914775 /* Cocoa.framework in Frameworks */,
			);
			runOnlyForDeploymentPostprocessing = 0;
		};
/* End PBXFrameworksBuildPhase section */

/* Begin PBXGroup section */
		EE6D1A1B1EDAE20000080E25 /* cs106 */ = {
			isa = PBXGroup;
			children = (
				EE6D1A1C1EDAE20000080E25 /* bst.h */,
				EE6D1A1D1EDAE20000080E25 /* cmpfn.h */,
				EE6D1A1E1EDAE20000080E25 /* console.h */,
				EE6D1A1F1EDAE20000080E25 /* disallowcopy.h */,
				EE6D1A201EDAE20000080E25 /* extgraph.h */,
				EE6D1A211EDAE20000080E25 /* genlib.h */,
				EE6D1A221EDAE20000080E25 /* graphics.h */,
				EE6D1A231EDAE20000080E25 /* grid.h */,
				EE6D1A241EDAE20000080E25 /* libcs106.a */,
				EE6D1A251EDAE20000080E25 /* map.h */,
				EE6D1A261EDAE20000080E25 /* queue.h */,
				EE6D1A271EDAE20000080E25 /* random.h */,
				EE6D1A281EDAE20000080E25 /* scanner.h */,
				EE6D1A291EDAE20000080E25 /* set.h */,
				EE6D1A2A1EDAE20000080E25 /* simpio.h */,
				EE6D1A2B1EDAE20000080E25 /* sound.h */,
				EE6D1A2C1EDAE20000080E25 /* stack.h */,
				EE6D1A2D1EDAE20000080E25 /* strutils.h */,
				EE6D1A2E1EDAE20000080E25 /* vector.h */,
			);
			name = cs106;
			path = ../cs106;
			sourceTree = "<group>";
		};
		EEF63D951E6632D100914775 = {
			isa = PBXGroup;
			children = (
				EE6D1A1B1EDAE20000080E25 /* cs106 */,
				EEF63DA01E6632D100914775 /* Assignment2 */,
				EEF63DCC1E66338F00914775 /* Frameworks */,
				EEF63D9F1E6632D100914775 /* Products */,
			);
			sourceTree = "<group>";
		};
		EEF63D9F1E6632D100914775 /* Products */ = {
			isa = PBXGroup;
			children = (
				EEF63D9E1E6632D100914775 /* Assignment2.app */,
			);
			name = Products;
			sourceTree = "<group>";
		};
		EEF63DA01E6632D100914775 /* Assignment2 */ = {
			isa = PBXGroup;
			children = (
				EEF63DAC1E6632D200914775 /* Info.plist */,
				EE6D1A311EDAE24300080E25 /* example.txt */,
				EE6D1A321EDAE24300080E25 /* maze.cpp */,
				EE6D1A331EDAE24300080E25 /* maze.h */,
				EE6D1A341EDAE24300080E25 /* MazeSolver.cpp */,
				EE6D1A351EDAE24300080E25 /* MazeSolver.h */,
				EE6D1A361EDAE24300080E25 /* Menu.cpp */,
				EE6D1A371EDAE24300080E25 /* RandomWriter.cpp */,
				EE6D1A381EDAE24300080E25 /* RandomWriter.h */,
			);
			path = Assignment2;
			sourceTree = "<group>";
		};
		EEF63DCC1E66338F00914775 /* Frameworks */ = {
			isa = PBXGroup;
			children = (
				EED213A51E683CBD00CAE44D /* QuickTime.framework */,
				EED213A31E683CB400CAE44D /* Carbon.framework */,
				EEF63DCF1E66339C00914775 /* libstdc++.6.tbd */,
				EEF63DCD1E66338F00914775 /* Cocoa.framework */,
			);
			name = Frameworks;
			sourceTree = "<group>";
		};
/* End PBXGroup section */

/* Begin PBXNativeTarget section */
		EEF63D9D1E6632D100914775 /* Assignment2 */ = {
			isa = PBXNativeTarget;
			buildConfigurationList = EEF63DAF1E6632D200914775 /* Build configuration list for PBXNativeTarget "Assignment2" */;
			buildPhases = (
				EEF63D9A1E6632D100914775 /* Sources */,
				EEF63D9B1E6632D100914775 /* Frameworks */,
				EEF63D9C1E6632D100914775 /* Resources */,
			);
			buildRules = (
			);
			dependencies = (
			);
			name = Assignment2;
			productName = Assignment2;
			productReference = EEF63D9E1E6632D100914775 /* Assignment2.app */;
			productType = "com.apple.product-type.application";
		};
/* End PBXNativeTarget section */

/* Begin PBXProject section */
		EEF63D961E6632D100914775 /* Project object */ = {
			isa = PBXProject;
			attributes = {
				LastUpgradeCheck = 0810;
				ORGANIZATIONNAME = AC27;
				TargetAttributes = {
					EEF63D9D1E6632D100914775 = {
						CreatedOnToolsVersion = 8.1;
						ProvisioningStyle = Automatic;
					};
				};
			};
			buildConfigurationList = EEF63D991E6632D100914775 /* Build configuration list for PBXProject "Assignment2" */;
			compatibilityVersion = "Xcode 3.2";
			developmentRegion = English;
			hasScannedForEncodings = 0;
			knownRegions = (
				en,
				Base,
			);
			mainGroup = EEF63D951E6632D100914775;
			productRefGroup = EEF63D9F1E6632D100914775 /* Products */;
			projectDirPath = "";
			projectRoot = "";
			targets = (
				EEF63D9D1E6632D100914775 /* Assignment2 */,
			);
		};
/* End PBXProject section */

/* Begin PBXResourcesBuildPhase section */
		EEF63D9C1E6632D100914775 /* Resources */ = {
			isa = PBXResourcesBuildPhase;
			buildActionMask = 2147483647;
			files = (
				EE6D1A3A1EDAE24300080E25 /* example.txt in Resources */,
			);
			runOnlyForDeploymentPostprocessing = 0;
		};
/* End PBXResourcesBuildPhase section */

/* Begin PBXSourcesBuildPhase section */
		EEF63D9A1E6632D100914775 /* Sources */ = {
			isa = PBXSourcesBuildPhase;
			buildActionMask = 2147483647;
			files = (
				EE6D1A3B1EDAE24300080E25 /* maze.cpp in Sources */,
				EE6D1A3C1EDAE24300080E25 /* MazeSolver.cpp in Sources */,
				EE6D1A3D1EDAE24300080E25 /* Menu.cpp in Sources */,
				EE6D1A3E1EDAE24300080E25 /* RandomWriter.cpp in Sources */,
			);
			runOnlyForDeploymentPostprocessing = 0;
		};
/* End PBXSourcesBuildPhase section */

/* Begin XCBuildConfiguration section */
		EEF63DAD1E6632D200914775 /* Debug */ = {
			isa = XCBuildConfiguration;
			buildSettings = {
				ALWAYS_SEARCH_USER_PATHS = NO;
				CLANG_ANALYZER_NONNULL = YES;
				CLANG_CXX_LANGUAGE_STANDARD = "gnu++0x";
				CLANG_CXX_LIBRARY = "libc++";
				CLANG_ENABLE_MODULES = YES;
				CLANG_ENABLE_OBJC_ARC = YES;
				CLANG_WARN_BOOL_CONVERSION = YES;
				CLANG_WARN_CONSTANT_CONVERSION = YES;
				CLANG_WARN_DIRECT_OBJC_ISA_USAGE = YES_ERROR;
				CLANG_WARN_DOCUMENTATION_COMMENTS = YES;
				CLANG_WARN_EMPTY_BODY = YES;
				CLANG_WARN_ENUM_CONVERSION = YES;
				CLANG_WARN_INFINITE_RECURSION = YES;
				CLANG_WARN_INT_CONVERSION = YES;
				CLANG_WARN_OBJC_ROOT_CLASS = YES_ERROR;
				CLANG_WARN_SUSPICIOUS_MOVES = YES;
				CLANG_WARN_UNREACHABLE_CODE = YES;
				CLANG_WARN__DUPLICATE_METHOD_MATCH = YES;
				CODE_SIGN_IDENTITY = "-";
				COPY_PHASE_STRIP = NO;
				DEBUG_INFORMATION_FORMAT = dwarf;
				ENABLE_STRICT_OBJC_MSGSEND = YES;
				ENABLE_TESTABILITY = YES;
				GCC_C_LANGUAGE_STANDARD = gnu99;
				GCC_DYNAMIC_NO_PIC = NO;
				GCC_NO_COMMON_BLOCKS = YES;
				GCC_OPTIMIZATION_LEVEL = 0;
				GCC_PREPROCESSOR_DEFINITIONS = (
					"DEBUG=1",
					"$(inherited)",
				);
				GCC_WARN_64_TO_32_BIT_CONVERSION = YES;
				GCC_WARN_ABOUT_RETURN_TYPE = YES_ERROR;
				GCC_WARN_UNDECLARED_SELECTOR = YES;
				GCC_WARN_UNINITIALIZED_AUTOS = YES_AGGRESSIVE;
				GCC_WARN_UNUSED_FUNCTION = YES;
				GCC_WARN_UNUSED_VARIABLE = YES;
				MACOSX_DEPLOYMENT_TARGET = 10.11;
				MTL_ENABLE_DEBUG_INFO = YES;
				ONLY_ACTIVE_ARCH = YES;
				SDKROOT = macosx;
			};
			name = Debug;
		};
		EEF63DAE1E6632D200914775 /* Release */ = {
			isa = XCBuildConfiguration;
			buildSettings = {
				ALWAYS_SEARCH_USER_PATHS = NO;
				CLANG_ANALYZER_NONNULL = YES;
				CLANG_CXX_LANGUAGE_STANDARD = "gnu++0x";
				CLANG_CXX_LIBRARY = "libc++";
				CLANG_ENABLE_MODULES = YES;
				CLANG_ENABLE_OBJC_ARC = YES;
				CLANG_WARN_BOOL_CONVERSION = YES;
				CLANG_WARN_CONSTANT_CONVERSION = YES;
				CLANG_WARN_DIRECT_OBJC_ISA_USAGE = YES_ERROR;
				CLANG_WARN_DOCUMENTATION_COMMENTS = YES;
				CLANG_WARN_EMPTY_BODY = YES;
				CLANG_WARN_ENUM_CONVERSION = YES;
				CLANG_WARN_INFINITE_RECURSION = YES;
				CLANG_WARN_INT_CONVERSION = YES;
				CLANG_WARN_OBJC_ROOT_CLASS = YES_ERROR;
				CLANG_WARN_SUSPICIOUS_MOVES = YES;
				CLANG_WARN_UNREACHABLE_CODE = YES;
				CLANG_WARN__DUPLICATE_METHOD_MATCH = YES;
				CODE_SIGN_IDENTITY = "-";
				COPY_PHASE_STRIP = NO;
				DEBUG_INFORMATION_FORMAT = "dwarf-with-dsym";
				ENABLE_NS_ASSERTIONS = NO;
				ENABLE_STRICT_OBJC_MSGSEND = YES;
				GCC_C_LANGUAGE_STANDARD = gnu99;
				GCC_NO_COMMON_BLOCKS = YES;
				GCC_WARN_64_TO_32_BIT_CONVERSION = YES;
				GCC_WARN_ABOUT_RETURN_TYPE = YES_ERROR;
				GCC_WARN_UNDECLARED_SELECTOR = YES;
				GCC_WARN_UNINITIALIZED_AUTOS = YES_AGGRESSIVE;
				GCC_WARN_UNUSED_FUNCTION = YES;
				GCC_WARN_UNUSED_VARIABLE = YES;
				MACOSX_DEPLOYMENT_TARGET = 10.11;
				MTL_ENABLE_DEBUG_INFO = NO;
				SDKROOT = macosx;
			};
			name = Release;
		};
		EEF63DB01E6632D200914775 /* Debug */ = {
			isa = XCBuildConfiguration;
			buildSettings = {
				ARCHS = "$(ARCHS_STANDARD_32_BIT)";
				ASSETCATALOG_COMPILER_APPICON_NAME = AppIcon;
				CLANG_CXX_LIBRARY = "libstdc++";
				COMBINE_HIDPI_IMAGES = YES;
				INFOPLIST_FILE = Assignment2/Info.plist;
				LD_RUNPATH_SEARCH_PATHS = "$(inherited) @executable_path/../Frameworks";
				LIBRARY_SEARCH_PATHS = (
					"$(inherited)",
					"$(PROJECT_DIR)/../cs106",
				);
				PRODUCT_BUNDLE_IDENTIFIER = com.AC27.Assignment2;
				PRODUCT_NAME = "$(TARGET_NAME)";
			};
			name = Debug;
		};
		EEF63DB11E6632D200914775 /* Release */ = {
			isa = XCBuildConfiguration;
			buildSettings = {
				ARCHS = "$(ARCHS_STANDARD_32_BIT)";
				ASSETCATALOG_COMPILER_APPICON_NAME = AppIcon;
				CLANG_CXX_LIBRARY = "libstdc++";
				COMBINE_HIDPI_IMAGES = YES;
				INFOPLIST_FILE = Assignment2/Info.plist;
				LD_RUNPATH_SEARCH_PATHS = "$(inherited) @executable_path/../Frameworks";
				LIBRARY_SEARCH_PATHS = (
					"$(inherited)",
					"$(PROJECT_DIR)/../cs106",
				);
				PRODUCT_BUNDLE_IDENTIFIER = com.AC27.Assignment2;
				PRODUCT_NAME = "$(TARGET_NAME)";
			};
			name = Release;
		};
/* End XCBuildConfiguration section */

/* Begin XCConfigurationList section */
		EEF63D991E6632D100914775 /* Build configuration list for PBXProject "Assignment2" */ = {
			isa = XCConfigurationList;
			buildConfigurations = (
				EEF63DAD1E6632D200914775 /* Debug */,
				EEF63DAE1E6632D200914775 /* Release */,
			);
			defaultConfigurationIsVisible = 0;
			defaultConfigurationName = Release;
		};
		EEF63DAF1E6632D200914775 /* Build configuration list for PBXNativeTarget "Assignment2" */ = {
			isa = XCConfigurationList;
			buildConfigurations = (
				EEF63DB01E6632D200914775 /* Debug */,
				EEF63DB11E6632D200914775 /* Release */,
			);
			defaultConfigurationIsVisible = 0;
			defaultConfigurationName = Release;
		};
/* End XCConfigurationList section */
	};
	rootObject = EEF63D961E6632D100914775 /* Project object */;
}
