// !$*UTF8*$!
{
	archiveVersion = 1;
	classes = {
	};
	objectVersion = 46;
	objects = {

/* Begin PBXBuildFile section */
		EE7587BB1ED7128200E82C7B /* PartB_MyGenericSort.cpp in Sources */ = {isa = PBXBuildFile; fileRef = EE7587B91ED7128200E82C7B /* PartB_MyGenericSort.cpp */; };
		EE7587D01ED712A300E82C7B /* libcs106.a in Frameworks */ = {isa = PBXBuildFile; fileRef = EE7587C51ED712A300E82C7B /* libcs106.a */; };
		EE9881791EBBD6CD007480BF /* PartA_SortDetective.cpp in Sources */ = {isa = PBXBuildFile; fileRef = EE9881771EBBD6CD007480BF /* PartA_SortDetective.cpp */; };
		EED213A41E683CB400CAE44D /* Carbon.framework in Frameworks */ = {isa = PBXBuildFile; fileRef = EED213A31E683CB400CAE44D /* Carbon.framework */; };
		EED213A61E683CBD00CAE44D /* QuickTime.framework in Frameworks */ = {isa = PBXBuildFile; fileRef = EED213A51E683CBD00CAE44D /* QuickTime.framework */; };
		EEF29FEE1EB148A000DFC15F /* mysterysort.lib in Frameworks */ = {isa = PBXBuildFile; fileRef = EEF29FED1EB148A000DFC15F /* mysterysort.lib */; };
		EEF63DC81E66333600914775 /* main.cpp in Sources */ = {isa = PBXBuildFile; fileRef = EEF63DC71E66333600914775 /* main.cpp */; };
		EEF63DCE1E66338F00914775 /* Cocoa.framework in Frameworks */ = {isa = PBXBuildFile; fileRef = EEF63DCD1E66338F00914775 /* Cocoa.framework */; };
		EEF63DD01E66339C00914775 /* libstdc++.6.tbd in Frameworks */ = {isa = PBXBuildFile; fileRef = EEF63DCF1E66339C00914775 /* libstdc++.6.tbd */; };
/* End PBXBuildFile section */

/* Begin PBXFileReference section */
		EE7587B91ED7128200E82C7B /* PartB_MyGenericSort.cpp */ = {isa = PBXFileReference; fileEncoding = 4; lastKnownFileType = sourcecode.cpp.cpp; path = PartB_MyGenericSort.cpp; sourceTree = "<group>"; };
		EE7587BA1ED7128200E82C7B /* PartB_MyGenericSort.h */ = {isa = PBXFileReference; fileEncoding = 4; lastKnownFileType = sourcecode.c.h; path = PartB_MyGenericSort.h; sourceTree = "<group>"; };
		EE7587BD1ED712A300E82C7B /* bst.h */ = {isa = PBXFileReference; fileEncoding = 4; lastKnownFileType = sourcecode.c.h; path = bst.h; sourceTree = "<group>"; };
		EE7587BE1ED712A300E82C7B /* cmpfn.h */ = {isa = PBXFileReference; fileEncoding = 4; lastKnownFileType = sourcecode.c.h; path = cmpfn.h; sourceTree = "<group>"; };
		EE7587BF1ED712A300E82C7B /* console.h */ = {isa = PBXFileReference; fileEncoding = 4; lastKnownFileType = sourcecode.c.h; path = console.h; sourceTree = "<group>"; };
		EE7587C01ED712A300E82C7B /* disallowcopy.h */ = {isa = PBXFileReference; fileEncoding = 4; lastKnownFileType = sourcecode.c.h; path = disallowcopy.h; sourceTree = "<group>"; };
		EE7587C11ED712A300E82C7B /* extgraph.h */ = {isa = PBXFileReference; fileEncoding = 4; lastKnownFileType = sourcecode.c.h; path = extgraph.h; sourceTree = "<group>"; };
		EE7587C21ED712A300E82C7B /* genlib.h */ = {isa = PBXFileReference; fileEncoding = 4; lastKnownFileType = sourcecode.c.h; path = genlib.h; sourceTree = "<group>"; };
		EE7587C31ED712A300E82C7B /* graphics.h */ = {isa = PBXFileReference; fileEncoding = 4; lastKnownFileType = sourcecode.c.h; path = graphics.h; sourceTree = "<group>"; };
		EE7587C41ED712A300E82C7B /* grid.h */ = {isa = PBXFileReference; fileEncoding = 4; lastKnownFileType = sourcecode.c.h; path = grid.h; sourceTree = "<group>"; };
		EE7587C51ED712A300E82C7B /* libcs106.a */ = {isa = PBXFileReference; lastKnownFileType = archive.ar; path = libcs106.a; sourceTree = "<group>"; };
		EE7587C61ED712A300E82C7B /* map.h */ = {isa = PBXFileReference; fileEncoding = 4; lastKnownFileType = sourcecode.c.h; path = map.h; sourceTree = "<group>"; };
		EE7587C71ED712A300E82C7B /* queue.h */ = {isa = PBXFileReference; fileEncoding = 4; lastKnownFileType = sourcecode.c.h; path = queue.h; sourceTree = "<group>"; };
		EE7587C81ED712A300E82C7B /* random.h */ = {isa = PBXFileReference; fileEncoding = 4; lastKnownFileType = sourcecode.c.h; path = random.h; sourceTree = "<group>"; };
		EE7587C91ED712A300E82C7B /* scanner.h */ = {isa = PBXFileReference; fileEncoding = 4; lastKnownFileType = sourcecode.c.h; path = scanner.h; sourceTree = "<group>"; };
		EE7587CA1ED712A300E82C7B /* set.h */ = {isa = PBXFileReference; fileEncoding = 4; lastKnownFileType = sourcecode.c.h; path = set.h; sourceTree = "<group>"; };
		EE7587CB1ED712A300E82C7B /* simpio.h */ = {isa = PBXFileReference; fileEncoding = 4; lastKnownFileType = sourcecode.c.h; path = simpio.h; sourceTree = "<group>"; };
		EE7587CC1ED712A300E82C7B /* sound.h */ = {isa = PBXFileReference; fileEncoding = 4; lastKnownFileType = sourcecode.c.h; path = sound.h; sourceTree = "<group>"; };
		EE7587CD1ED712A300E82C7B /* stack.h */ = {isa = PBXFileReference; fileEncoding = 4; lastKnownFileType = sourcecode.c.h; path = stack.h; sourceTree = "<group>"; };
		EE7587CE1ED712A300E82C7B /* strutils.h */ = {isa = PBXFileReference; fileEncoding = 4; lastKnownFileType = sourcecode.c.h; path = strutils.h; sourceTree = "<group>"; };
		EE7587CF1ED712A300E82C7B /* vector.h */ = {isa = PBXFileReference; fileEncoding = 4; lastKnownFileType = sourcecode.c.h; path = vector.h; sourceTree = "<group>"; };
		EE9881771EBBD6CD007480BF /* PartA_SortDetective.cpp */ = {isa = PBXFileReference; fileEncoding = 4; lastKnownFileType = sourcecode.cpp.cpp; path = PartA_SortDetective.cpp; sourceTree = "<group>"; };
		EE9881781EBBD6CD007480BF /* PartA_SortDetective.h */ = {isa = PBXFileReference; fileEncoding = 4; lastKnownFileType = sourcecode.c.h; path = PartA_SortDetective.h; sourceTree = "<group>"; };
		EED213A31E683CB400CAE44D /* Carbon.framework */ = {isa = PBXFileReference; lastKnownFileType = wrapper.framework; name = Carbon.framework; path = System/Library/Frameworks/Carbon.framework; sourceTree = SDKROOT; };
		EED213A51E683CBD00CAE44D /* QuickTime.framework */ = {isa = PBXFileReference; lastKnownFileType = wrapper.framework; name = QuickTime.framework; path = System/Library/Frameworks/QuickTime.framework; sourceTree = SDKROOT; };
		EEF29FEC1EB148A000DFC15F /* mysterysort.h */ = {isa = PBXFileReference; fileEncoding = 4; lastKnownFileType = sourcecode.c.h; name = mysterysort.h; path = Assignment5/mysterysort.h; sourceTree = SOURCE_ROOT; };
		EEF29FED1EB148A000DFC15F /* mysterysort.lib */ = {isa = PBXFileReference; lastKnownFileType = archive.ar; name = mysterysort.lib; path = Assignment5/mysterysort.lib; sourceTree = SOURCE_ROOT; };
		EEF63D9E1E6632D100914775 /* Assignment5.app */ = {isa = PBXFileReference; explicitFileType = wrapper.application; includeInIndex = 0; path = Assignment5.app; sourceTree = BUILT_PRODUCTS_DIR; };
		EEF63DAC1E6632D200914775 /* Info.plist */ = {isa = PBXFileReference; lastKnownFileType = text.plist.xml; path = Info.plist; sourceTree = "<group>"; };
		EEF63DC71E66333600914775 /* main.cpp */ = {isa = PBXFileReference; fileEncoding = 4; lastKnownFileType = sourcecode.cpp.cpp; path = main.cpp; sourceTree = "<group>"; };
		EEF63DCD1E66338F00914775 /* Cocoa.framework */ = {isa = PBXFileReference; lastKnownFileType = wrapper.framework; name = Cocoa.framework; path = System/Library/Frameworks/Cocoa.framework; sourceTree = SDKROOT; };
		EEF63DCF1E66339C00914775 /* libstdc++.6.tbd */ = {isa = PBXFileReference; lastKnownFileType = "sourcecode.text-based-dylib-definition"; name = "libstdc++.6.tbd"; path = "usr/lib/libstdc++.6.tbd"; sourceTree = SDKROOT; };
/* End PBXFileReference section */

/* Begin PBXFrameworksBuildPhase section */
		EEF63D9B1E6632D100914775 /* Frameworks */ = {
			isa = PBXFrameworksBuildPhase;
			buildActionMask = 2147483647;
			files = (
				EED213A61E683CBD00CAE44D /* QuickTime.framework in Frameworks */,
				EEF29FEE1EB148A000DFC15F /* mysterysort.lib in Frameworks */,
				EED213A41E683CB400CAE44D /* Carbon.framework in Frameworks */,
				EE7587D01ED712A300E82C7B /* libcs106.a in Frameworks */,
				EEF63DD01E66339C00914775 /* libstdc++.6.tbd in Frameworks */,
				EEF63DCE1E66338F00914775 /* Cocoa.framework in Frameworks */,
			);
			runOnlyForDeploymentPostprocessing = 0;
		};
/* End PBXFrameworksBuildPhase section */

/* Begin PBXGroup section */
		EE7587BC1ED712A300E82C7B /* cs106 */ = {
			isa = PBXGroup;
			children = (
				EE7587BD1ED712A300E82C7B /* bst.h */,
				EE7587BE1ED712A300E82C7B /* cmpfn.h */,
				EE7587BF1ED712A300E82C7B /* console.h */,
				EE7587C01ED712A300E82C7B /* disallowcopy.h */,
				EE7587C11ED712A300E82C7B /* extgraph.h */,
				EE7587C21ED712A300E82C7B /* genlib.h */,
				EE7587C31ED712A300E82C7B /* graphics.h */,
				EE7587C41ED712A300E82C7B /* grid.h */,
				EE7587C51ED712A300E82C7B /* libcs106.a */,
				EE7587C61ED712A300E82C7B /* map.h */,
				EE7587C71ED712A300E82C7B /* queue.h */,
				EE7587C81ED712A300E82C7B /* random.h */,
				EE7587C91ED712A300E82C7B /* scanner.h */,
				EE7587CA1ED712A300E82C7B /* set.h */,
				EE7587CB1ED712A300E82C7B /* simpio.h */,
				EE7587CC1ED712A300E82C7B /* sound.h */,
				EE7587CD1ED712A300E82C7B /* stack.h */,
				EE7587CE1ED712A300E82C7B /* strutils.h */,
				EE7587CF1ED712A300E82C7B /* vector.h */,
			);
			name = cs106;
			path = ../cs106;
			sourceTree = "<group>";
		};
		EEF63D951E6632D100914775 = {
			isa = PBXGroup;
			children = (
				EE7587BC1ED712A300E82C7B /* cs106 */,
				EEF63DA01E6632D100914775 /* Assignment5 */,
				EEF63DCC1E66338F00914775 /* Frameworks */,
				EEF63D9F1E6632D100914775 /* Products */,
			);
			sourceTree = "<group>";
		};
		EEF63D9F1E6632D100914775 /* Products */ = {
			isa = PBXGroup;
			children = (
				EEF63D9E1E6632D100914775 /* Assignment5.app */,
			);
			name = Products;
			sourceTree = "<group>";
		};
		EEF63DA01E6632D100914775 /* Assignment5 */ = {
			isa = PBXGroup;
			children = (
				EEF29FEC1EB148A000DFC15F /* mysterysort.h */,
				EEF29FED1EB148A000DFC15F /* mysterysort.lib */,
				EE9881781EBBD6CD007480BF /* PartA_SortDetective.h */,
				EE9881771EBBD6CD007480BF /* PartA_SortDetective.cpp */,
				EE7587BA1ED7128200E82C7B /* PartB_MyGenericSort.h */,
				EE7587B91ED7128200E82C7B /* PartB_MyGenericSort.cpp */,
				EEF63DC71E66333600914775 /* main.cpp */,
				EEF63DAC1E6632D200914775 /* Info.plist */,
			);
			path = Assignment5;
			sourceTree = "<group>";
		};
		EEF63DCC1E66338F00914775 /* Frameworks */ = {
			isa = PBXGroup;
			children = (
				EED213A51E683CBD00CAE44D /* QuickTime.framework */,
				EED213A31E683CB400CAE44D /* Carbon.framework */,
				EEF63DCF1E66339C00914775 /* libstdc++.6.tbd */,
				EEF63DCD1E66338F00914775 /* Cocoa.framework */,
			);
			name = Frameworks;
			sourceTree = "<group>";
		};
/* End PBXGroup section */

/* Begin PBXNativeTarget section */
		EEF63D9D1E6632D100914775 /* Assignment5 */ = {
			isa = PBXNativeTarget;
			buildConfigurationList = EEF63DAF1E6632D200914775 /* Build configuration list for PBXNativeTarget "Assignment5" */;
			buildPhases = (
				EEF63D9A1E6632D100914775 /* Sources */,
				EEF63D9B1E6632D100914775 /* Frameworks */,
				EEF63D9C1E6632D100914775 /* Resources */,
			);
			buildRules = (
			);
			dependencies = (
			);
			name = Assignment5;
			productName = Assignment5;
			productReference = EEF63D9E1E6632D100914775 /* Assignment5.app */;
			productType = "com.apple.product-type.application";
		};
/* End PBXNativeTarget section */

/* Begin PBXProject section */
		EEF63D961E6632D100914775 /* Project object */ = {
			isa = PBXProject;
			attributes = {
				LastUpgradeCheck = 0810;
				ORGANIZATIONNAME = AC27;
				TargetAttributes = {
					EEF63D9D1E6632D100914775 = {
						CreatedOnToolsVersion = 8.1;
						ProvisioningStyle = Automatic;
					};
				};
			};
			buildConfigurationList = EEF63D991E6632D100914775 /* Build configuration list for PBXProject "Assignment5" */;
			compatibilityVersion = "Xcode 3.2";
			developmentRegion = English;
			hasScannedForEncodings = 0;
			knownRegions = (
				en,
				Base,
			);
			mainGroup = EEF63D951E6632D100914775;
			productRefGroup = EEF63D9F1E6632D100914775 /* Products */;
			projectDirPath = "";
			projectRoot = "";
			targets = (
				EEF63D9D1E6632D100914775 /* Assignment5 */,
			);
		};
/* End PBXProject section */

/* Begin PBXResourcesBuildPhase section */
		EEF63D9C1E6632D100914775 /* Resources */ = {
			isa = PBXResourcesBuildPhase;
			buildActionMask = 2147483647;
			files = (
			);
			runOnlyForDeploymentPostprocessing = 0;
		};
/* End PBXResourcesBuildPhase section */

/* Begin PBXSourcesBuildPhase section */
		EEF63D9A1E6632D100914775 /* Sources */ = {
			isa = PBXSourcesBuildPhase;
			buildActionMask = 2147483647;
			files = (
				EE9881791EBBD6CD007480BF /* PartA_SortDetective.cpp in Sources */,
				EEF63DC81E66333600914775 /* main.cpp in Sources */,
				EE7587BB1ED7128200E82C7B /* PartB_MyGenericSort.cpp in Sources */,
			);
			runOnlyForDeploymentPostprocessing = 0;
		};
/* End PBXSourcesBuildPhase section */

/* Begin XCBuildConfiguration section */
		EEF63DAD1E6632D200914775 /* Debug */ = {
			isa = XCBuildConfiguration;
			buildSettings = {
				ALWAYS_SEARCH_USER_PATHS = NO;
				CLANG_ANALYZER_NONNULL = YES;
				CLANG_CXX_LANGUAGE_STANDARD = "gnu++0x";
				CLANG_CXX_LIBRARY = "libc++";
				CLANG_ENABLE_MODULES = YES;
				CLANG_ENABLE_OBJC_ARC = YES;
				CLANG_WARN_BOOL_CONVERSION = YES;
				CLANG_WARN_CONSTANT_CONVERSION = YES;
				CLANG_WARN_DIRECT_OBJC_ISA_USAGE = YES_ERROR;
				CLANG_WARN_DOCUMENTATION_COMMENTS = YES;
				CLANG_WARN_EMPTY_BODY = YES;
				CLANG_WARN_ENUM_CONVERSION = YES;
				CLANG_WARN_INFINITE_RECURSION = YES;
				CLANG_WARN_INT_CONVERSION = YES;
				CLANG_WARN_OBJC_ROOT_CLASS = YES_ERROR;
				CLANG_WARN_SUSPICIOUS_MOVES = YES;
				CLANG_WARN_UNREACHABLE_CODE = YES;
				CLANG_WARN__DUPLICATE_METHOD_MATCH = YES;
				CODE_SIGN_IDENTITY = "-";
				COPY_PHASE_STRIP = NO;
				DEBUG_INFORMATION_FORMAT = dwarf;
				ENABLE_STRICT_OBJC_MSGSEND = YES;
				ENABLE_TESTABILITY = YES;
				GCC_C_LANGUAGE_STANDARD = gnu99;
				GCC_DYNAMIC_NO_PIC = NO;
				GCC_NO_COMMON_BLOCKS = YES;
				GCC_OPTIMIZATION_LEVEL = 0;
				GCC_PREPROCESSOR_DEFINITIONS = (
					"DEBUG=1",
					"$(inherited)",
				);
				GCC_WARN_64_TO_32_BIT_CONVERSION = YES;
				GCC_WARN_ABOUT_RETURN_TYPE = YES_ERROR;
				GCC_WARN_UNDECLARED_SELECTOR = YES;
				GCC_WARN_UNINITIALIZED_AUTOS = YES_AGGRESSIVE;
				GCC_WARN_UNUSED_FUNCTION = YES;
				GCC_WARN_UNUSED_VARIABLE = YES;
				MACOSX_DEPLOYMENT_TARGET = 10.11;
				MTL_ENABLE_DEBUG_INFO = YES;
				ONLY_ACTIVE_ARCH = YES;
				SDKROOT = macosx;
			};
			name = Debug;
		};
		EEF63DAE1E6632D200914775 /* Release */ = {
			isa = XCBuildConfiguration;
			buildSettings = {
				ALWAYS_SEARCH_USER_PATHS = NO;
				CLANG_ANALYZER_NONNULL = YES;
				CLANG_CXX_LANGUAGE_STANDARD = "gnu++0x";
				CLANG_CXX_LIBRARY = "libc++";
				CLANG_ENABLE_MODULES = YES;
				CLANG_ENABLE_OBJC_ARC = YES;
				CLANG_WARN_BOOL_CONVERSION = YES;
				CLANG_WARN_CONSTANT_CONVERSION = YES;
				CLANG_WARN_DIRECT_OBJC_ISA_USAGE = YES_ERROR;
				CLANG_WARN_DOCUMENTATION_COMMENTS = YES;
				CLANG_WARN_EMPTY_BODY = YES;
				CLANG_WARN_ENUM_CONVERSION = YES;
				CLANG_WARN_INFINITE_RECURSION = YES;
				CLANG_WARN_INT_CONVERSION = YES;
				CLANG_WARN_OBJC_ROOT_CLASS = YES_ERROR;
				CLANG_WARN_SUSPICIOUS_MOVES = YES;
				CLANG_WARN_UNREACHABLE_CODE = YES;
				CLANG_WARN__DUPLICATE_METHOD_MATCH = YES;
				CODE_SIGN_IDENTITY = "-";
				COPY_PHASE_STRIP = NO;
				DEBUG_INFORMATION_FORMAT = "dwarf-with-dsym";
				ENABLE_NS_ASSERTIONS = NO;
				ENABLE_STRICT_OBJC_MSGSEND = YES;
				GCC_C_LANGUAGE_STANDARD = gnu99;
				GCC_NO_COMMON_BLOCKS = YES;
				GCC_WARN_64_TO_32_BIT_CONVERSION = YES;
				GCC_WARN_ABOUT_RETURN_TYPE = YES_ERROR;
				GCC_WARN_UNDECLARED_SELECTOR = YES;
				GCC_WARN_UNINITIALIZED_AUTOS = YES_AGGRESSIVE;
				GCC_WARN_UNUSED_FUNCTION = YES;
				GCC_WARN_UNUSED_VARIABLE = YES;
				MACOSX_DEPLOYMENT_TARGET = 10.11;
				MTL_ENABLE_DEBUG_INFO = NO;
				SDKROOT = macosx;
			};
			name = Release;
		};
		EEF63DB01E6632D200914775 /* Debug */ = {
			isa = XCBuildConfiguration;
			buildSettings = {
				ARCHS = "$(ARCHS_STANDARD_32_BIT)";
				ASSETCATALOG_COMPILER_APPICON_NAME = AppIcon;
				CLANG_CXX_LIBRARY = "libstdc++";
				COMBINE_HIDPI_IMAGES = YES;
				INFOPLIST_FILE = Assignment5/Info.plist;
				LD_RUNPATH_SEARCH_PATHS = "$(inherited) @executable_path/../Frameworks";
				LIBRARY_SEARCH_PATHS = (
					"$(inherited)",
					"$(PROJECT_DIR)/../cs106",
				);
				PRODUCT_BUNDLE_IDENTIFIER = com.AC27.Assignment5;
				PRODUCT_NAME = "$(TARGET_NAME)";
			};
			name = Debug;
		};
		EEF63DB11E6632D200914775 /* Release */ = {
			isa = XCBuildConfiguration;
			buildSettings = {
				ARCHS = "$(ARCHS_STANDARD_32_BIT)";
				ASSETCATALOG_COMPILER_APPICON_NAME = AppIcon;
				CLANG_CXX_LIBRARY = "libstdc++";
				COMBINE_HIDPI_IMAGES = YES;
				INFOPLIST_FILE = Assignment5/Info.plist;
				LD_RUNPATH_SEARCH_PATHS = "$(inherited) @executable_path/../Frameworks";
				LIBRARY_SEARCH_PATHS = (
					"$(inherited)",
					"$(PROJECT_DIR)/../cs106",
				);
				PRODUCT_BUNDLE_IDENTIFIER = com.AC27.Assignment5;
				PRODUCT_NAME = "$(TARGET_NAME)";
			};
			name = Release;
		};
/* End XCBuildConfiguration section */

/* Begin XCConfigurationList section */
		EEF63D991E6632D100914775 /* Build configuration list for PBXProject "Assignment5" */ = {
			isa = XCConfigurationList;
			buildConfigurations = (
				EEF63DAD1E6632D200914775 /* Debug */,
				EEF63DAE1E6632D200914775 /* Release */,
			);
			defaultConfigurationIsVisible = 0;
			defaultConfigurationName = Release;
		};
		EEF63DAF1E6632D200914775 /* Build configuration list for PBXNativeTarget "Assignment5" */ = {
			isa = XCConfigurationList;
			buildConfigurations = (
				EEF63DB01E6632D200914775 /* Debug */,
				EEF63DB11E6632D200914775 /* Release */,
			);
			defaultConfigurationIsVisible = 0;
			defaultConfigurationName = Release;
		};
/* End XCConfigurationList section */
	};
	rootObject = EEF63D961E6632D100914775 /* Project object */;
}
